
Microsoft Visual Studio Solution File, Format Version 12.00
# Visual Studio 2013
VisualStudioVersion = 12.0.21005.1
MinimumVisualStudioVersion = 10.0.40219.1
Project("{2150E333-8FDC-42A3-9474-1A3956D46DE8}") = "Build", "Build", "{64A5B926-0515-418C-96DC-F2EC44441552}"
EndProject
Project("{2150E333-8FDC-42A3-9474-1A3956D46DE8}") = "Common", "Common", "{FD93BE50-A6ED-4167-B534-9A1F587DFE2C}"
	ProjectSection(SolutionItems) = preProject
		Build\Common\AssemblyVersion.cs = Build\Common\AssemblyVersion.cs
		Build\Common\CommonAssemblyInfo.cs = Build\Common\CommonAssemblyInfo.cs
	EndProjectSection
EndProject
Project("{FAE04EC0-301F-11D3-BF4B-00C04F79EFBC}") = "Sidewinder", "Sidewinder\Sidewinder.csproj", "{058948F5-E41B-4A63-9E25-8DC38B15CDAB}"
EndProject
Project("{FAE04EC0-301F-11D3-BF4B-00C04F79EFBC}") = "Sidewinder.Tests", "Sidewinder.Tests\Sidewinder.Tests.csproj", "{50516039-97CD-47E1-8FA3-BE6B23036F92}"
EndProject
Project("{2150E333-8FDC-42A3-9474-1A3956D46DE8}") = "NuGet", "NuGet", "{6D9F2108-E0DF-494E-8950-C45C57896CBF}"
EndProject
Project("{2150E333-8FDC-42A3-9474-1A3956D46DE8}") = "Sidewinder", "Sidewinder", "{786BD787-B899-47B0-843E-5421AD73FE84}"
	ProjectSection(SolutionItems) = preProject
		NuGet\Sidewinder\Sidewinder.nuspec = NuGet\Sidewinder\Sidewinder.nuspec
	EndProjectSection
EndProject
Project("{2150E333-8FDC-42A3-9474-1A3956D46DE8}") = "lib", "lib", "{82F22CD8-ACD6-4480-A430-7860CDA36313}"
EndProject
Project("{2150E333-8FDC-42A3-9474-1A3956D46DE8}") = "Net40", "Net40", "{5496129D-9ADD-4B4D-AB2C-C28E022CE371}"
	ProjectSection(SolutionItems) = preProject
		NuGet\Sidewinder\lib\Net40\delete.me = NuGet\Sidewinder\lib\Net40\delete.me
	EndProjectSection
EndProject
Project("{FAE04EC0-301F-11D3-BF4B-00C04F79EFBC}") = "Sidewinder.Core", "Sidewinder.Core\Sidewinder.Core.csproj", "{046526FB-37E7-45E4-AB5E-E5053E23DD71}"
EndProject
Project("{2150E333-8FDC-42A3-9474-1A3956D46DE8}") = "Sidewinder.Core", "Sidewinder.Core", "{D6961473-A20C-4A6E-8212-A2C3BAC2046D}"
	ProjectSection(SolutionItems) = preProject
		NuGet\Sidewinder.Core\Sidewinder.Core.nuspec = NuGet\Sidewinder.Core\Sidewinder.Core.nuspec
	EndProjectSection
EndProject
Project("{2150E333-8FDC-42A3-9474-1A3956D46DE8}") = "lib", "lib", "{3EDE6FCB-4458-40CA-94D9-F1B06E3AF2EA}"
EndProject
Project("{2150E333-8FDC-42A3-9474-1A3956D46DE8}") = "net40", "net40", "{910A136E-EFD8-4669-8E6A-7810850B6DEF}"
	ProjectSection(SolutionItems) = preProject
		NuGet\Sidewinder.Core\lib\Net40\delete.me = NuGet\Sidewinder.Core\lib\Net40\delete.me
	EndProjectSection
EndProject
Global
	GlobalSection(SolutionConfigurationPlatforms) = preSolution
		Debug|Any CPU = Debug|Any CPU
		Release|Any CPU = Release|Any CPU
		Testing|Any CPU = Testing|Any CPU
	EndGlobalSection
	GlobalSection(ProjectConfigurationPlatforms) = postSolution
		{058948F5-E41B-4A63-9E25-8DC38B15CDAB}.Debug|Any CPU.ActiveCfg = Debug|Any CPU
		{058948F5-E41B-4A63-9E25-8DC38B15CDAB}.Debug|Any CPU.Build.0 = Debug|Any CPU
		{058948F5-E41B-4A63-9E25-8DC38B15CDAB}.Release|Any CPU.ActiveCfg = Release|Any CPU
		{058948F5-E41B-4A63-9E25-8DC38B15CDAB}.Release|Any CPU.Build.0 = Release|Any CPU
		{058948F5-E41B-4A63-9E25-8DC38B15CDAB}.Testing|Any CPU.ActiveCfg = Testing|Any CPU
		{058948F5-E41B-4A63-9E25-8DC38B15CDAB}.Testing|Any CPU.Build.0 = Testing|Any CPU
		{50516039-97CD-47E1-8FA3-BE6B23036F92}.Debug|Any CPU.ActiveCfg = Debug|Any CPU
		{50516039-97CD-47E1-8FA3-BE6B23036F92}.Debug|Any CPU.Build.0 = Debug|Any CPU
		{50516039-97CD-47E1-8FA3-BE6B23036F92}.Release|Any CPU.ActiveCfg = Release|Any CPU
		{50516039-97CD-47E1-8FA3-BE6B23036F92}.Release|Any CPU.Build.0 = Release|Any CPU
		{50516039-97CD-47E1-8FA3-BE6B23036F92}.Testing|Any CPU.ActiveCfg = Testing|Any CPU
		{50516039-97CD-47E1-8FA3-BE6B23036F92}.Testing|Any CPU.Build.0 = Testing|Any CPU
		{046526FB-37E7-45E4-AB5E-E5053E23DD71}.Debug|Any CPU.ActiveCfg = Debug|Any CPU
		{046526FB-37E7-45E4-AB5E-E5053E23DD71}.Debug|Any CPU.Build.0 = Debug|Any CPU
		{046526FB-37E7-45E4-AB5E-E5053E23DD71}.Release|Any CPU.ActiveCfg = Release|Any CPU
		{046526FB-37E7-45E4-AB5E-E5053E23DD71}.Release|Any CPU.Build.0 = Release|Any CPU
		{046526FB-37E7-45E4-AB5E-E5053E23DD71}.Testing|Any CPU.ActiveCfg = Testing|Any CPU
		{046526FB-37E7-45E4-AB5E-E5053E23DD71}.Testing|Any CPU.Build.0 = Testing|Any CPU
	EndGlobalSection
	GlobalSection(SolutionProperties) = preSolution
		HideSolutionNode = FALSE
	EndGlobalSection
	GlobalSection(NestedProjects) = preSolution
		{FD93BE50-A6ED-4167-B534-9A1F587DFE2C} = {64A5B926-0515-418C-96DC-F2EC44441552}
		{786BD787-B899-47B0-843E-5421AD73FE84} = {6D9F2108-E0DF-494E-8950-C45C57896CBF}
		{D6961473-A20C-4A6E-8212-A2C3BAC2046D} = {6D9F2108-E0DF-494E-8950-C45C57896CBF}
		{82F22CD8-ACD6-4480-A430-7860CDA36313} = {786BD787-B899-47B0-843E-5421AD73FE84}
		{5496129D-9ADD-4B4D-AB2C-C28E022CE371} = {82F22CD8-ACD6-4480-A430-7860CDA36313}
		{3EDE6FCB-4458-40CA-94D9-F1B06E3AF2EA} = {D6961473-A20C-4A6E-8212-A2C3BAC2046D}
		{910A136E-EFD8-4669-8E6A-7810850B6DEF} = {3EDE6FCB-4458-40CA-94D9-F1B06E3AF2EA}
	EndGlobalSection
EndGlobal
